
Microsoft Visual Studio Solution File, Format Version 12.00
# Visual Studio Version 17
VisualStudioVersion = 17.4.33205.214
MinimumVisualStudioVersion = 10.0.40219.1
Project("{FAE04EC0-301F-11D3-BF4B-00C04F79EFBC}") = "Foreach", "Foreach.csproj", "{715C836E-D295-4C91-A6AD-A464DF520950}"
EndProject
Global
	GlobalSection(SolutionConfigurationPlatforms) = preSolution
		Debug|Any CPU = Debug|Any CPU
		Release|Any CPU = Release|Any CPU
	EndGlobalSection
	GlobalSection(ProjectConfigurationPlatforms) = postSolution
		{715C836E-D295-4C91-A6AD-A464DF520950}.Debug|Any CPU.ActiveCfg = Debug|Any CPU
		{715C836E-D295-4C91-A6AD-A464DF520950}.Debug|Any CPU.Build.0 = Debug|Any CPU
		{715C836E-D295-4C91-A6AD-A464DF520950}.Release|Any CPU.ActiveCfg = Release|Any CPU
		{715C836E-D295-4C91-A6AD-A464DF520950}.Release|Any CPU.Build.0 = Release|Any CPU
	EndGlobalSection
	GlobalSection(SolutionProperties) = preSolution
		HideSolutionNode = FALSE
	EndGlobalSection
	GlobalSection(ExtensibilityGlobals) = postSolution
		SolutionGuid = {BF89A1FB-4103-49A6-B9CF-39373D3CE220}
	EndGlobalSection
EndGlobal
